
Microsoft Visual Studio Solution File, Format Version 12.00
Project("{F2A71F9B-5D33-465A-A702-920D77279786}") = "ClassificationMarking", "src\ClassificationMarking\ClassificationMarking.fsproj", "{39470F01-CE02-4F32-A710-8088F90CB96E}"
EndProject
Project("{F2A71F9B-5D33-465A-A702-920D77279786}") = "ClassificationMarking.Tests", "tests\ClassificationMarking.Tests\ClassificationMarking.Tests.fsproj", "{26651C25-39B4-41A3-ABE4-168EFB0E99C2}"
EndProject
Project("{2150E333-8FDC-42A3-9474-1A3956D46DE8}") = "Solution Items", "Solution Items", "{FB4DC77E-B0A9-4C58-B8BD-9AB8BFEF0BBF}"
ProjectSection(SolutionItems) = preProject
	ReadMe.md = ReadMe.md
EndProjectSection
EndProject
Project("{FAE04EC0-301F-11D3-BF4B-00C04F79EFBC}") = "ClassificationMarking.CSharp", "src\ClassificationMarking.CSharp\ClassificationMarking.CSharp.csproj", "{3E4E624E-26B0-452A-87A5-E270FB339B6B}"
EndProject
Global
	GlobalSection(SolutionConfigurationPlatforms) = preSolution
		Debug|Any CPU = Debug|Any CPU
		Release|Any CPU = Release|Any CPU
	EndGlobalSection
	GlobalSection(ProjectConfigurationPlatforms) = postSolution
		{39470F01-CE02-4F32-A710-8088F90CB96E}.Debug|Any CPU.ActiveCfg = Debug|Any CPU
		{39470F01-CE02-4F32-A710-8088F90CB96E}.Debug|Any CPU.Build.0 = Debug|Any CPU
		{39470F01-CE02-4F32-A710-8088F90CB96E}.Release|Any CPU.ActiveCfg = Release|Any CPU
		{39470F01-CE02-4F32-A710-8088F90CB96E}.Release|Any CPU.Build.0 = Release|Any CPU
		{26651C25-39B4-41A3-ABE4-168EFB0E99C2}.Debug|Any CPU.ActiveCfg = Debug|Any CPU
		{26651C25-39B4-41A3-ABE4-168EFB0E99C2}.Debug|Any CPU.Build.0 = Debug|Any CPU
		{26651C25-39B4-41A3-ABE4-168EFB0E99C2}.Release|Any CPU.ActiveCfg = Release|Any CPU
		{26651C25-39B4-41A3-ABE4-168EFB0E99C2}.Release|Any CPU.Build.0 = Release|Any CPU
		{3E4E624E-26B0-452A-87A5-E270FB339B6B}.Debug|Any CPU.ActiveCfg = Debug|Any CPU
		{3E4E624E-26B0-452A-87A5-E270FB339B6B}.Debug|Any CPU.Build.0 = Debug|Any CPU
		{3E4E624E-26B0-452A-87A5-E270FB339B6B}.Release|Any CPU.ActiveCfg = Release|Any CPU
		{3E4E624E-26B0-452A-87A5-E270FB339B6B}.Release|Any CPU.Build.0 = Release|Any CPU
	EndGlobalSection
EndGlobal
